
Microsoft Visual Studio Solution File, Format Version 12.00
# Visual Studio Version 17
VisualStudioVersion = 17.8.34316.72
MinimumVisualStudioVersion = 10.0.40219.1
Project("{FAE04EC0-301F-11D3-BF4B-00C04F79EFBC}") = "api_task", "api_task\api_task.csproj", "{5E361649-9DCB-45EB-9823-4DBF5800C101}"
EndProject
Global
	GlobalSection(SolutionConfigurationPlatforms) = preSolution
		Debug|Any CPU = Debug|Any CPU
		Release|Any CPU = Release|Any CPU
	EndGlobalSection
	GlobalSection(ProjectConfigurationPlatforms) = postSolution
		{5E361649-9DCB-45EB-9823-4DBF5800C101}.Debug|Any CPU.ActiveCfg = Debug|Any CPU
		{5E361649-9DCB-45EB-9823-4DBF5800C101}.Debug|Any CPU.Build.0 = Debug|Any CPU
		{5E361649-9DCB-45EB-9823-4DBF5800C101}.Release|Any CPU.ActiveCfg = Release|Any CPU
		{5E361649-9DCB-45EB-9823-4DBF5800C101}.Release|Any CPU.Build.0 = Release|Any CPU
	EndGlobalSection
	GlobalSection(SolutionProperties) = preSolution
		HideSolutionNode = FALSE
	EndGlobalSection
	GlobalSection(ExtensibilityGlobals) = postSolution
		SolutionGuid = {2B6931B7-7E7B-4D04-B1AD-59CB672B4308}
	EndGlobalSection
EndGlobal
